PODS:
  - DTTJailbreakDetection (0.4.0)
  - Flutter (1.0.0)
  - flutter_jailbreak_detection (1.0.0):
    - Flutter
    - IOSSecuritySuite
  - flutter_udid (0.0.1):
    - Flutter
    - SAMKeychain
  - IOSSecuritySuite (1.9.9)
  - safe_device (1.0.0):
    - DTTJailbreakDetection
    - Flutter
  - SAMKeychain (1.5.3)
  - shared_preferences_foundation (0.0.1):
    - Flutter
    - FlutterMacOS

DEPENDENCIES:
  - Flutter (from `Flutter`)
  - flutter_jailbreak_detection (from `.symlinks/plugins/flutter_jailbreak_detection/ios`)
  - flutter_udid (from `.symlinks/plugins/flutter_udid/ios`)
  - safe_device (from `.symlinks/plugins/safe_device/ios`)
  - shared_preferences_foundation (from `.symlinks/plugins/shared_preferences_foundation/darwin`)

SPEC REPOS:
  trunk:
    - DTTJailbreakDetection
    - IOSSecuritySuite
    - SAMKeychain

EXTERNAL SOURCES:
  Flutter:
    :path: Flutter
  flutter_jailbreak_detection:
    :path: ".symlinks/plugins/flutter_jailbreak_detection/ios"
  flutter_udid:
    :path: ".symlinks/plugins/flutter_udid/ios"
  safe_device:
    :path: ".symlinks/plugins/safe_device/ios"
  shared_preferences_foundation:
    :path: ".symlinks/plugins/shared_preferences_foundation/darwin"

SPEC CHECKSUMS:
  DTTJailbreakDetection: 5e356c5badc17995f65a83ed9483f787a0057b71
  Flutter: f04841e97a9d0b0a8025694d0796dd46242b2854
  flutter_jailbreak_detection: c5bf66ff6c0c4230769b6ba0bd63eb6ac4148a76
  flutter_udid: 0848809dbed4c055175747ae6a45a8b4f6771e1c
  IOSSecuritySuite: 72c55371aafe586196c325a8348319c36d385ce4
  safe_device: 4539eb6bdbeb4b61a763a51c4e73e6b37dea4e3d
  SAMKeychain: 483e1c9f32984d50ca961e26818a534283b4cd5c
  shared_preferences_foundation: 5b919d13b803cadd15ed2dc053125c68730e5126

PODFILE CHECKSUM: 70d9d25280d0dd177a5f637cdb0f0b0b12c6a189

COCOAPODS: 1.12.1
